
Microsoft Visual Studio Solution File, Format Version 12.00
# Visual Studio Version 16
VisualStudioVersion = 16.0.28917.181
MinimumVisualStudioVersion = 10.0.40219.1
Project("{9A19103F-16F7-4668-BE54-9A1E7A4F7556}") = "DDRScoreTracker.API", "DDRScoreTracker.API\DDRScoreTracker.API.csproj", "{4DBBBAF9-ADF7-4E18-B8E0-F40AB3117048}"
EndProject
Project("{9A19103F-16F7-4668-BE54-9A1E7A4F7556}") = "DDRScoreTracker.API.Tests", "DDRScoreTracker.API.Tests\DDRScoreTracker.API.Tests.csproj", "{6E6B10D2-BB2D-43BA-9FAC-A3A9A47CCF6F}"
EndProject
Project("{E53339B2-1760-4266-BCC7-CA923CBCF16C}") = "docker-compose", "docker-compose.dcproj", "{16F8E4A1-C403-41FA-9F85-FF78346D93B8}"
EndProject
Global
	GlobalSection(SolutionConfigurationPlatforms) = preSolution
		Debug|Any CPU = Debug|Any CPU
		Release|Any CPU = Release|Any CPU
	EndGlobalSection
	GlobalSection(ProjectConfigurationPlatforms) = postSolution
		{4DBBBAF9-ADF7-4E18-B8E0-F40AB3117048}.Debug|Any CPU.ActiveCfg = Debug|Any CPU
		{4DBBBAF9-ADF7-4E18-B8E0-F40AB3117048}.Debug|Any CPU.Build.0 = Debug|Any CPU
		{4DBBBAF9-ADF7-4E18-B8E0-F40AB3117048}.Release|Any CPU.ActiveCfg = Release|Any CPU
		{4DBBBAF9-ADF7-4E18-B8E0-F40AB3117048}.Release|Any CPU.Build.0 = Release|Any CPU
		{6E6B10D2-BB2D-43BA-9FAC-A3A9A47CCF6F}.Debug|Any CPU.ActiveCfg = Debug|Any CPU
		{6E6B10D2-BB2D-43BA-9FAC-A3A9A47CCF6F}.Debug|Any CPU.Build.0 = Debug|Any CPU
		{6E6B10D2-BB2D-43BA-9FAC-A3A9A47CCF6F}.Release|Any CPU.ActiveCfg = Release|Any CPU
		{6E6B10D2-BB2D-43BA-9FAC-A3A9A47CCF6F}.Release|Any CPU.Build.0 = Release|Any CPU
		{16F8E4A1-C403-41FA-9F85-FF78346D93B8}.Debug|Any CPU.ActiveCfg = Debug|Any CPU
		{16F8E4A1-C403-41FA-9F85-FF78346D93B8}.Debug|Any CPU.Build.0 = Debug|Any CPU
		{16F8E4A1-C403-41FA-9F85-FF78346D93B8}.Release|Any CPU.ActiveCfg = Release|Any CPU
		{16F8E4A1-C403-41FA-9F85-FF78346D93B8}.Release|Any CPU.Build.0 = Release|Any CPU
	EndGlobalSection
	GlobalSection(SolutionProperties) = preSolution
		HideSolutionNode = FALSE
	EndGlobalSection
	GlobalSection(ExtensibilityGlobals) = postSolution
		SolutionGuid = {664C8358-CDB6-4673-9250-B191DC2F39B6}
	EndGlobalSection
EndGlobal
